
Microsoft Visual Studio Solution File, Format Version 12.00
# Visual Studio Version 16
VisualStudioVersion = 16.0.31624.102
MinimumVisualStudioVersion = 10.0.40219.1
Project("{FAE04EC0-301F-11D3-BF4B-00C04F79EFBC}") = "AOC20221Day2", "AOC20221Day2.csproj", "{37D07141-E5C7-4E27-A695-978EAAE4119A}"
EndProject
Global
	GlobalSection(SolutionConfigurationPlatforms) = preSolution
		Debug|Any CPU = Debug|Any CPU
		Release|Any CPU = Release|Any CPU
	EndGlobalSection
	GlobalSection(ProjectConfigurationPlatforms) = postSolution
		{37D07141-E5C7-4E27-A695-978EAAE4119A}.Debug|Any CPU.ActiveCfg = Debug|Any CPU
		{37D07141-E5C7-4E27-A695-978EAAE4119A}.Debug|Any CPU.Build.0 = Debug|Any CPU
		{37D07141-E5C7-4E27-A695-978EAAE4119A}.Release|Any CPU.ActiveCfg = Release|Any CPU
		{37D07141-E5C7-4E27-A695-978EAAE4119A}.Release|Any CPU.Build.0 = Release|Any CPU
	EndGlobalSection
	GlobalSection(SolutionProperties) = preSolution
		HideSolutionNode = FALSE
	EndGlobalSection
	GlobalSection(ExtensibilityGlobals) = postSolution
		SolutionGuid = {0C5D6997-8372-4D81-8D12-D64386329B6F}
	EndGlobalSection
EndGlobal
